
Microsoft Visual Studio Solution File, Format Version 12.00
# Visual Studio Version 17
VisualStudioVersion = 17.5.002.0
MinimumVisualStudioVersion = 10.0.40219.1
Project("{2150E333-8FDC-42A3-9474-1A3956D46DE8}") = "src", "src", "{C55B8E67-028E-428E-A39D-C396C138F68E}"
EndProject
Project("{2150E333-8FDC-42A3-9474-1A3956D46DE8}") = "plugin", "plugin", "{94E450D5-0402-4E84-8A43-6360771C95F3}"
EndProject
Project("{9A19103F-16F7-4668-BE54-9A1E7A4F7556}") = "test", "src\plugin\test\test.csproj", "{DB459106-2445-48E8-8173-FAE9B5AFA61C}"
EndProject
Global
	GlobalSection(SolutionConfigurationPlatforms) = preSolution
		Debug|Any CPU = Debug|Any CPU
		Release|Any CPU = Release|Any CPU
	EndGlobalSection
	GlobalSection(ProjectConfigurationPlatforms) = postSolution
		{DB459106-2445-48E8-8173-FAE9B5AFA61C}.Debug|Any CPU.ActiveCfg = Debug|Any CPU
		{DB459106-2445-48E8-8173-FAE9B5AFA61C}.Debug|Any CPU.Build.0 = Debug|Any CPU
		{DB459106-2445-48E8-8173-FAE9B5AFA61C}.Release|Any CPU.ActiveCfg = Release|Any CPU
		{DB459106-2445-48E8-8173-FAE9B5AFA61C}.Release|Any CPU.Build.0 = Release|Any CPU
	EndGlobalSection
	GlobalSection(SolutionProperties) = preSolution
		HideSolutionNode = FALSE
	EndGlobalSection
	GlobalSection(NestedProjects) = preSolution
		{94E450D5-0402-4E84-8A43-6360771C95F3} = {C55B8E67-028E-428E-A39D-C396C138F68E}
		{DB459106-2445-48E8-8173-FAE9B5AFA61C} = {94E450D5-0402-4E84-8A43-6360771C95F3}
	EndGlobalSection
	GlobalSection(ExtensibilityGlobals) = postSolution
		SolutionGuid = {5C8E50E7-82CC-45EB-8E4D-2DA73CAE23C8}
	EndGlobalSection
EndGlobal
