
Microsoft Visual Studio Solution File, Format Version 12.00
Project("{FAE04EC0-301F-11D3-BF4B-00C04F79EFBC}") = "Vla", "Vla\Vla.csproj", "{C1E6F94A-3F8C-46CB-960C-9101A7F7D592}"
EndProject
Project("{FAE04EC0-301F-11D3-BF4B-00C04F79EFBC}") = "Vla.Abstractions", "Vla.Abstractions\Vla.Abstractions.csproj", "{E83C02D8-909F-446B-AA29-9690200EDEE7}"
EndProject
Project("{2150E333-8FDC-42A3-9474-1A3956D46DE8}") = "Tests", "Tests", "{DAE3B91B-2B60-4C63-99AE-D4417A13D5F5}"
EndProject
Project("{FAE04EC0-301F-11D3-BF4B-00C04F79EFBC}") = "Vla.Tests", "Tests\Vla.Tests\Vla.Tests.csproj", "{97A8A857-8899-4219-8268-6AB1C5DAF577}"
EndProject
Project("{FAE04EC0-301F-11D3-BF4B-00C04F79EFBC}") = "Vla.Helpers", "Vla.Helpers\Vla.Helpers.csproj", "{0E2924B1-95AB-4B21-B154-51E0552A5856}"
EndProject
Project("{FAE04EC0-301F-11D3-BF4B-00C04F79EFBC}") = "Vla.Addon", "Vla.Addon\Vla.Addon.csproj", "{64EBA690-F123-4F21-9271-A3A00E5C22AA}"
EndProject
Global
	GlobalSection(SolutionConfigurationPlatforms) = preSolution
		Debug|Any CPU = Debug|Any CPU
		Release|Any CPU = Release|Any CPU
	EndGlobalSection
	GlobalSection(ProjectConfigurationPlatforms) = postSolution
		{C1E6F94A-3F8C-46CB-960C-9101A7F7D592}.Debug|Any CPU.ActiveCfg = Debug|Any CPU
		{C1E6F94A-3F8C-46CB-960C-9101A7F7D592}.Debug|Any CPU.Build.0 = Debug|Any CPU
		{C1E6F94A-3F8C-46CB-960C-9101A7F7D592}.Release|Any CPU.ActiveCfg = Release|Any CPU
		{C1E6F94A-3F8C-46CB-960C-9101A7F7D592}.Release|Any CPU.Build.0 = Release|Any CPU
		{E83C02D8-909F-446B-AA29-9690200EDEE7}.Debug|Any CPU.ActiveCfg = Debug|Any CPU
		{E83C02D8-909F-446B-AA29-9690200EDEE7}.Debug|Any CPU.Build.0 = Debug|Any CPU
		{E83C02D8-909F-446B-AA29-9690200EDEE7}.Release|Any CPU.ActiveCfg = Release|Any CPU
		{E83C02D8-909F-446B-AA29-9690200EDEE7}.Release|Any CPU.Build.0 = Release|Any CPU
		{97A8A857-8899-4219-8268-6AB1C5DAF577}.Debug|Any CPU.ActiveCfg = Debug|Any CPU
		{97A8A857-8899-4219-8268-6AB1C5DAF577}.Debug|Any CPU.Build.0 = Debug|Any CPU
		{97A8A857-8899-4219-8268-6AB1C5DAF577}.Release|Any CPU.ActiveCfg = Release|Any CPU
		{97A8A857-8899-4219-8268-6AB1C5DAF577}.Release|Any CPU.Build.0 = Release|Any CPU
		{0E2924B1-95AB-4B21-B154-51E0552A5856}.Debug|Any CPU.ActiveCfg = Debug|Any CPU
		{0E2924B1-95AB-4B21-B154-51E0552A5856}.Debug|Any CPU.Build.0 = Debug|Any CPU
		{0E2924B1-95AB-4B21-B154-51E0552A5856}.Release|Any CPU.ActiveCfg = Release|Any CPU
		{0E2924B1-95AB-4B21-B154-51E0552A5856}.Release|Any CPU.Build.0 = Release|Any CPU
		{64EBA690-F123-4F21-9271-A3A00E5C22AA}.Debug|Any CPU.ActiveCfg = Debug|Any CPU
		{64EBA690-F123-4F21-9271-A3A00E5C22AA}.Debug|Any CPU.Build.0 = Debug|Any CPU
		{64EBA690-F123-4F21-9271-A3A00E5C22AA}.Release|Any CPU.ActiveCfg = Release|Any CPU
		{64EBA690-F123-4F21-9271-A3A00E5C22AA}.Release|Any CPU.Build.0 = Release|Any CPU
	EndGlobalSection
	GlobalSection(NestedProjects) = preSolution
		{97A8A857-8899-4219-8268-6AB1C5DAF577} = {DAE3B91B-2B60-4C63-99AE-D4417A13D5F5}
	EndGlobalSection
EndGlobal
