
Microsoft Visual Studio Solution File, Format Version 12.00
Project("{FAE04EC0-301F-11D3-BF4B-00C04F79EFBC}") = "Vla", "Vla\Vla.csproj", "{C1E6F94A-3F8C-46CB-960C-9101A7F7D592}"
EndProject
Project("{FAE04EC0-301F-11D3-BF4B-00C04F79EFBC}") = "Vla.Nodes", "Vla.Nodes\Vla.Nodes.csproj", "{BBFBEBAD-37C8-4CAA-B27A-7862E25BD71A}"
EndProject
Project("{FAE04EC0-301F-11D3-BF4B-00C04F79EFBC}") = "Vla.Abstractions", "Vla.Abstractions\Vla.Abstractions.csproj", "{E83C02D8-909F-446B-AA29-9690200EDEE7}"
EndProject
Global
	GlobalSection(SolutionConfigurationPlatforms) = preSolution
		Debug|Any CPU = Debug|Any CPU
		Release|Any CPU = Release|Any CPU
	EndGlobalSection
	GlobalSection(ProjectConfigurationPlatforms) = postSolution
		{C1E6F94A-3F8C-46CB-960C-9101A7F7D592}.Debug|Any CPU.ActiveCfg = Debug|Any CPU
		{C1E6F94A-3F8C-46CB-960C-9101A7F7D592}.Debug|Any CPU.Build.0 = Debug|Any CPU
		{C1E6F94A-3F8C-46CB-960C-9101A7F7D592}.Release|Any CPU.ActiveCfg = Release|Any CPU
		{C1E6F94A-3F8C-46CB-960C-9101A7F7D592}.Release|Any CPU.Build.0 = Release|Any CPU
		{BBFBEBAD-37C8-4CAA-B27A-7862E25BD71A}.Debug|Any CPU.ActiveCfg = Debug|Any CPU
		{BBFBEBAD-37C8-4CAA-B27A-7862E25BD71A}.Debug|Any CPU.Build.0 = Debug|Any CPU
		{BBFBEBAD-37C8-4CAA-B27A-7862E25BD71A}.Release|Any CPU.ActiveCfg = Release|Any CPU
		{BBFBEBAD-37C8-4CAA-B27A-7862E25BD71A}.Release|Any CPU.Build.0 = Release|Any CPU
		{E83C02D8-909F-446B-AA29-9690200EDEE7}.Debug|Any CPU.ActiveCfg = Debug|Any CPU
		{E83C02D8-909F-446B-AA29-9690200EDEE7}.Debug|Any CPU.Build.0 = Debug|Any CPU
		{E83C02D8-909F-446B-AA29-9690200EDEE7}.Release|Any CPU.ActiveCfg = Release|Any CPU
		{E83C02D8-909F-446B-AA29-9690200EDEE7}.Release|Any CPU.Build.0 = Release|Any CPU
	EndGlobalSection
EndGlobal
